
Microsoft Visual Studio Solution File, Format Version 12.00
# Visual Studio Version 17
VisualStudioVersion = 17.0.32112.339
MinimumVisualStudioVersion = 10.0.40219.1
Project("{FAE04EC0-301F-11D3-BF4B-00C04F79EFBC}") = "HomeTask7", "HomeTask7.csproj", "{5AF85A1E-06C5-4600-9C99-0325FFC1FF14}"
EndProject
Global
	GlobalSection(SolutionConfigurationPlatforms) = preSolution
		Debug|Any CPU = Debug|Any CPU
		Release|Any CPU = Release|Any CPU
	EndGlobalSection
	GlobalSection(ProjectConfigurationPlatforms) = postSolution
		{5AF85A1E-06C5-4600-9C99-0325FFC1FF14}.Debug|Any CPU.ActiveCfg = Debug|Any CPU
		{5AF85A1E-06C5-4600-9C99-0325FFC1FF14}.Debug|Any CPU.Build.0 = Debug|Any CPU
		{5AF85A1E-06C5-4600-9C99-0325FFC1FF14}.Release|Any CPU.ActiveCfg = Release|Any CPU
		{5AF85A1E-06C5-4600-9C99-0325FFC1FF14}.Release|Any CPU.Build.0 = Release|Any CPU
	EndGlobalSection
	GlobalSection(SolutionProperties) = preSolution
		HideSolutionNode = FALSE
	EndGlobalSection
	GlobalSection(ExtensibilityGlobals) = postSolution
		SolutionGuid = {48F7815B-CE36-4370-AC27-53E8F2D563BB}
	EndGlobalSection
EndGlobal
